{
  "version": 4,
  "terraform_version": "1.12.2",
  "serial": 54,
  "lineage": "24a51595-fb62-c533-748d-f54998272fb6",
  "outputs": {
    "bootstrap_brokers_sasl_iam": {
      "value": "boot-pwg4ipdm.c3.kafka-serverless.ap-south-1.amazonaws.com:9098",
      "type": "string"
    },
    "collector_instance_profile_name": {
      "value": "crypto-stream-collector",
      "type": "string"
    },
    "collector_sg_id": {
      "value": "sg-01b65663d76409ee5",
      "type": "string"
    },
    "consumer_sg_id": {
      "value": "sg-082329c8d8875719e",
      "type": "string"
    },
    "msk_broker_security_group_id": {
      "value": "sg-0df21f1e5dfdf22de",
      "type": "string"
    },
    "msk_cluster_arn": {
      "value": "arn:aws:kafka:ap-south-1:640168415309:cluster/crypto-stream/8670579a-f53b-476f-923a-853154bdcc36-s3",
      "type": "string"
    },
    "msk_cluster_uuid": {
      "value": "8670579a-f53b-476f-923a-853154bdcc36-s3",
      "type": "string"
    }
  },
  "resources": [
    {
      "mode": "data",
      "type": "aws_caller_identity",
      "name": "this",
      "provider": "provider[\"registry.terraform.io/hashicorp/aws\"]",
      "instances": [
        {
          "schema_version": 0,
          "attributes": {
            "account_id": "640168415309",
            "arn": "arn:aws:sts::640168415309:assumed-role/MSK-Builder/aws-go-sdk-1759306064167027566",
            "id": "640168415309",
            "user_id": "AROAZKDIC2BGSSHVZITRM:aws-go-sdk-1759306064167027566"
          },
          "sensitive_attributes": [],
          "identity_schema_version": 0
        }
      ]
    },
    {
      "mode": "data",
      "type": "aws_iam_policy_document",
      "name": "collector_assume",
      "provider": "provider[\"registry.terraform.io/hashicorp/aws\"]",
      "instances": [
        {
          "schema_version": 0,
          "attributes": {
            "id": "2851119427",
            "json": "{\n  \"Version\": \"2012-10-17\",\n  \"Statement\": [\n    {\n      \"Effect\": \"Allow\",\n      \"Action\": \"sts:AssumeRole\",\n      \"Principal\": {\n        \"Service\": \"ec2.amazonaws.com\"\n      }\n    }\n  ]\n}",
            "minified_json": "{\"Version\":\"2012-10-17\",\"Statement\":[{\"Effect\":\"Allow\",\"Action\":\"sts:AssumeRole\",\"Principal\":{\"Service\":\"ec2.amazonaws.com\"}}]}",
            "override_json": null,
            "override_policy_documents": null,
            "policy_id": null,
            "source_json": null,
            "source_policy_documents": null,
            "statement": [
              {
                "actions": [
                  "sts:AssumeRole"
                ],
                "condition": [],
                "effect": "Allow",
                "not_actions": [],
                "not_principals": [],
                "not_resources": [],
                "principals": [
                  {
                    "identifiers": [
                      "ec2.amazonaws.com"
                    ],
                    "type": "Service"
                  }
                ],
                "resources": [],
                "sid": ""
              }
            ],
            "version": "2012-10-17"
          },
          "sensitive_attributes": [],
          "identity_schema_version": 0
        }
      ]
    },
    {
      "mode": "data",
      "type": "aws_iam_policy_document",
      "name": "consumer",
      "provider": "provider[\"registry.terraform.io/hashicorp/aws\"]",
      "instances": [
        {
          "schema_version": 0,
          "attributes": {
            "id": "3511938581",
            "json": "{\n  \"Version\": \"2012-10-17\",\n  \"Statement\": [\n    {\n      \"Sid\": \"ConnectCluster\",\n      \"Effect\": \"Allow\",\n      \"Action\": \"kafka-cluster:Connect\",\n      \"Resource\": \"arn:aws:kafka:ap-south-1:640168415309:cluster/crypto-stream/8670579a-f53b-476f-923a-853154bdcc36-s3\"\n    },\n    {\n      \"Sid\": \"ReadFromTopics\",\n      \"Effect\": \"Allow\",\n      \"Action\": [\n        \"kafka-cluster:ReadData\",\n        \"kafka-cluster:DescribeTopic\"\n      ],\n      \"Resource\": \"arn:aws:kafka:ap-south-1:640168415309:topic/crypto-stream/8670579a-f53b-476f-923a-853154bdcc36-s3/exchg.*\"\n    },\n    {\n      \"Sid\": \"GroupMembership\",\n      \"Effect\": \"Allow\",\n      \"Action\": [\n        \"kafka-cluster:DescribeGroup\",\n        \"kafka-cluster:DeleteGroup\",\n        \"kafka-cluster:AlterGroup\"\n      ],\n      \"Resource\": [\n        \"arn:aws:kafka:ap-south-1:640168415309:group/crypto-stream/8670579a-f53b-476f-923a-853154bdcc36-s3/team-research\",\n        \"arn:aws:kafka:ap-south-1:640168415309:group/crypto-stream/8670579a-f53b-476f-923a-853154bdcc36-s3/team-quant\"\n      ]\n    }\n  ]\n}",
            "minified_json": "{\"Version\":\"2012-10-17\",\"Statement\":[{\"Sid\":\"ConnectCluster\",\"Effect\":\"Allow\",\"Action\":\"kafka-cluster:Connect\",\"Resource\":\"arn:aws:kafka:ap-south-1:640168415309:cluster/crypto-stream/8670579a-f53b-476f-923a-853154bdcc36-s3\"},{\"Sid\":\"ReadFromTopics\",\"Effect\":\"Allow\",\"Action\":[\"kafka-cluster:ReadData\",\"kafka-cluster:DescribeTopic\"],\"Resource\":\"arn:aws:kafka:ap-south-1:640168415309:topic/crypto-stream/8670579a-f53b-476f-923a-853154bdcc36-s3/exchg.*\"},{\"Sid\":\"GroupMembership\",\"Effect\":\"Allow\",\"Action\":[\"kafka-cluster:DescribeGroup\",\"kafka-cluster:DeleteGroup\",\"kafka-cluster:AlterGroup\"],\"Resource\":[\"arn:aws:kafka:ap-south-1:640168415309:group/crypto-stream/8670579a-f53b-476f-923a-853154bdcc36-s3/team-research\",\"arn:aws:kafka:ap-south-1:640168415309:group/crypto-stream/8670579a-f53b-476f-923a-853154bdcc36-s3/team-quant\"]}]}",
            "override_json": null,
            "override_policy_documents": null,
            "policy_id": null,
            "source_json": null,
            "source_policy_documents": null,
            "statement": [
              {
                "actions": [
                  "kafka-cluster:Connect"
                ],
                "condition": [],
                "effect": "Allow",
                "not_actions": [],
                "not_principals": [],
                "not_resources": [],
                "principals": [],
                "resources": [
                  "arn:aws:kafka:ap-south-1:640168415309:cluster/crypto-stream/8670579a-f53b-476f-923a-853154bdcc36-s3"
                ],
                "sid": "ConnectCluster"
              },
              {
                "actions": [
                  "kafka-cluster:DescribeTopic",
                  "kafka-cluster:ReadData"
                ],
                "condition": [],
                "effect": "Allow",
                "not_actions": [],
                "not_principals": [],
                "not_resources": [],
                "principals": [],
                "resources": [
                  "arn:aws:kafka:ap-south-1:640168415309:topic/crypto-stream/8670579a-f53b-476f-923a-853154bdcc36-s3/exchg.*"
                ],
                "sid": "ReadFromTopics"
              },
              {
                "actions": [
                  "kafka-cluster:AlterGroup",
                  "kafka-cluster:DeleteGroup",
                  "kafka-cluster:DescribeGroup"
                ],
                "condition": [],
                "effect": "Allow",
                "not_actions": [],
                "not_principals": [],
                "not_resources": [],
                "principals": [],
                "resources": [
                  "arn:aws:kafka:ap-south-1:640168415309:group/crypto-stream/8670579a-f53b-476f-923a-853154bdcc36-s3/team-quant",
                  "arn:aws:kafka:ap-south-1:640168415309:group/crypto-stream/8670579a-f53b-476f-923a-853154bdcc36-s3/team-research"
                ],
                "sid": "GroupMembership"
              }
            ],
            "version": "2012-10-17"
          },
          "sensitive_attributes": [],
          "identity_schema_version": 0
        }
      ]
    },
    {
      "mode": "data",
      "type": "aws_iam_policy_document",
      "name": "msk_control_plane",
      "provider": "provider[\"registry.terraform.io/hashicorp/aws\"]",
      "instances": [
        {
          "schema_version": 0,
          "attributes": {
            "id": "159721002",
            "json": "{\n  \"Version\": \"2012-10-17\",\n  \"Statement\": [\n    {\n      \"Effect\": \"Allow\",\n      \"Action\": [\n        \"kafka:GetBootstrapBrokers\",\n        \"kafka:DescribeClusterV2\",\n        \"kafka:DescribeCluster\"\n      ],\n      \"Resource\": \"arn:aws:kafka:ap-south-1:640168415309:cluster/crypto-stream/8670579a-f53b-476f-923a-853154bdcc36-s3\"\n    }\n  ]\n}",
            "minified_json": "{\"Version\":\"2012-10-17\",\"Statement\":[{\"Effect\":\"Allow\",\"Action\":[\"kafka:GetBootstrapBrokers\",\"kafka:DescribeClusterV2\",\"kafka:DescribeCluster\"],\"Resource\":\"arn:aws:kafka:ap-south-1:640168415309:cluster/crypto-stream/8670579a-f53b-476f-923a-853154bdcc36-s3\"}]}",
            "override_json": null,
            "override_policy_documents": null,
            "policy_id": null,
            "source_json": null,
            "source_policy_documents": null,
            "statement": [
              {
                "actions": [
                  "kafka:DescribeCluster",
                  "kafka:DescribeClusterV2",
                  "kafka:GetBootstrapBrokers"
                ],
                "condition": [],
                "effect": "Allow",
                "not_actions": [],
                "not_principals": [],
                "not_resources": [],
                "principals": [],
                "resources": [
                  "arn:aws:kafka:ap-south-1:640168415309:cluster/crypto-stream/8670579a-f53b-476f-923a-853154bdcc36-s3"
                ],
                "sid": ""
              }
            ],
            "version": "2012-10-17"
          },
          "sensitive_attributes": [],
          "identity_schema_version": 0
        }
      ]
    },
    {
      "mode": "data",
      "type": "aws_iam_policy_document",
      "name": "producer",
      "provider": "provider[\"registry.terraform.io/hashicorp/aws\"]",
      "instances": [
        {
          "schema_version": 0,
          "attributes": {
            "id": "993358765",
            "json": "{\n  \"Version\": \"2012-10-17\",\n  \"Statement\": [\n    {\n      \"Sid\": \"ConnectCluster\",\n      \"Effect\": \"Allow\",\n      \"Action\": [\n        \"kafka-cluster:WriteDataIdempotently\",\n        \"kafka-cluster:Connect\"\n      ],\n      \"Resource\": \"arn:aws:kafka:ap-south-1:640168415309:cluster/crypto-stream/8670579a-f53b-476f-923a-853154bdcc36-s3\"\n    },\n    {\n      \"Sid\": \"WriteToTopics\",\n      \"Effect\": \"Allow\",\n      \"Action\": [\n        \"kafka-cluster:WriteData\",\n        \"kafka-cluster:DescribeTopic\",\n        \"kafka-cluster:CreateTopic\"\n      ],\n      \"Resource\": [\n        \"arn:aws:kafka:ap-south-1:640168415309:topic/crypto-stream/8670579a-f53b-476f-923a-853154bdcc36-s3/trades.*\",\n        \"arn:aws:kafka:ap-south-1:640168415309:topic/crypto-stream/8670579a-f53b-476f-923a-853154bdcc36-s3/exchg.*\"\n      ]\n    }\n  ]\n}",
            "minified_json": "{\"Version\":\"2012-10-17\",\"Statement\":[{\"Sid\":\"ConnectCluster\",\"Effect\":\"Allow\",\"Action\":[\"kafka-cluster:WriteDataIdempotently\",\"kafka-cluster:Connect\"],\"Resource\":\"arn:aws:kafka:ap-south-1:640168415309:cluster/crypto-stream/8670579a-f53b-476f-923a-853154bdcc36-s3\"},{\"Sid\":\"WriteToTopics\",\"Effect\":\"Allow\",\"Action\":[\"kafka-cluster:WriteData\",\"kafka-cluster:DescribeTopic\",\"kafka-cluster:CreateTopic\"],\"Resource\":[\"arn:aws:kafka:ap-south-1:640168415309:topic/crypto-stream/8670579a-f53b-476f-923a-853154bdcc36-s3/trades.*\",\"arn:aws:kafka:ap-south-1:640168415309:topic/crypto-stream/8670579a-f53b-476f-923a-853154bdcc36-s3/exchg.*\"]}]}",
            "override_json": null,
            "override_policy_documents": null,
            "policy_id": null,
            "source_json": null,
            "source_policy_documents": null,
            "statement": [
              {
                "actions": [
                  "kafka-cluster:Connect",
                  "kafka-cluster:WriteDataIdempotently"
                ],
                "condition": [],
                "effect": "Allow",
                "not_actions": [],
                "not_principals": [],
                "not_resources": [],
                "principals": [],
                "resources": [
                  "arn:aws:kafka:ap-south-1:640168415309:cluster/crypto-stream/8670579a-f53b-476f-923a-853154bdcc36-s3"
                ],
                "sid": "ConnectCluster"
              },
              {
                "actions": [
                  "kafka-cluster:CreateTopic",
                  "kafka-cluster:DescribeTopic",
                  "kafka-cluster:WriteData"
                ],
                "condition": [],
                "effect": "Allow",
                "not_actions": [],
                "not_principals": [],
                "not_resources": [],
                "principals": [],
                "resources": [
                  "arn:aws:kafka:ap-south-1:640168415309:topic/crypto-stream/8670579a-f53b-476f-923a-853154bdcc36-s3/exchg.*",
                  "arn:aws:kafka:ap-south-1:640168415309:topic/crypto-stream/8670579a-f53b-476f-923a-853154bdcc36-s3/trades.*"
                ],
                "sid": "WriteToTopics"
              }
            ],
            "version": "2012-10-17"
          },
          "sensitive_attributes": [],
          "identity_schema_version": 0
        }
      ]
    },
    {
      "mode": "managed",
      "type": "aws_msk_serverless_cluster",
      "name": "this",
      "provider": "provider[\"registry.terraform.io/hashicorp/aws\"]",
      "instances": [
        {
          "schema_version": 0,
          "attributes": {
            "arn": "arn:aws:kafka:ap-south-1:640168415309:cluster/crypto-stream/8670579a-f53b-476f-923a-853154bdcc36-s3",
            "bootstrap_brokers_sasl_iam": "boot-pwg4ipdm.c3.kafka-serverless.ap-south-1.amazonaws.com:9098",
            "client_authentication": [
              {
                "sasl": [
                  {
                    "iam": [
                      {
                        "enabled": true
                      }
                    ]
                  }
                ]
              }
            ],
            "cluster_name": "crypto-stream",
            "cluster_uuid": "8670579a-f53b-476f-923a-853154bdcc36-s3",
            "id": "arn:aws:kafka:ap-south-1:640168415309:cluster/crypto-stream/8670579a-f53b-476f-923a-853154bdcc36-s3",
            "region": "ap-south-1",
            "tags": {
              "AccessScope": "Hadi",
              "Env": "prod",
              "Owner": "Hadi",
              "Project": "CryptoData"
            },
            "tags_all": {
              "AccessScope": "Hadi",
              "Env": "prod",
              "Owner": "Hadi",
              "Project": "CryptoData"
            },
            "timeouts": null,
            "vpc_config": [
              {
                "security_group_ids": [
                  "sg-0df21f1e5dfdf22de"
                ],
                "subnet_ids": [
                  "subnet-03b137bc850c7f432",
                  "subnet-04dcb46c1f97a2e4e",
                  "subnet-0dec674b59949ad59"
                ]
              }
            ]
          },
          "sensitive_attributes": [],
          "identity_schema_version": 0,
          "private": "eyJlMmJmYjczMC1lY2FhLTExZTYtOGY4OC0zNDM2M2JjN2M0YzAiOnsiY3JlYXRlIjo3MjAwMDAwMDAwMDAwLCJkZWxldGUiOjcyMDAwMDAwMDAwMDB9fQ==",
          "dependencies": [
            "aws_security_group.msk_brokers"
          ]
        }
      ]
    },
    {
      "mode": "managed",
      "type": "aws_security_group",
      "name": "collector",
      "provider": "provider[\"registry.terraform.io/hashicorp/aws\"]",
      "instances": [
        {
          "schema_version": 1,
          "attributes": {
            "arn": "arn:aws:ec2:ap-south-1:640168415309:security-group/sg-01b65663d76409ee5",
            "description": "EC2 collectors for MSK",
            "egress": [
              {
                "cidr_blocks": [
                  "0.0.0.0/0"
                ],
                "description": "",
                "from_port": 0,
                "ipv6_cidr_blocks": [],
                "prefix_list_ids": [],
                "protocol": "-1",
                "security_groups": [],
                "self": false,
                "to_port": 0
              }
            ],
            "id": "sg-01b65663d76409ee5",
            "ingress": [],
            "name": "msk-ec2-collectors",
            "name_prefix": "",
            "owner_id": "640168415309",
            "region": "ap-south-1",
            "revoke_rules_on_delete": false,
            "tags": {
              "AccessScope": "Hadi",
              "Env": "prod",
              "Owner": "Hadi",
              "Project": "CryptoData"
            },
            "tags_all": {
              "AccessScope": "Hadi",
              "Env": "prod",
              "Owner": "Hadi",
              "Project": "CryptoData"
            },
            "timeouts": null,
            "vpc_id": "vpc-088763652e22bcc79"
          },
          "sensitive_attributes": [],
          "identity_schema_version": 0,
          "identity": {
            "account_id": "640168415309",
            "id": "sg-01b65663d76409ee5",
            "region": "ap-south-1"
          },
          "private": "eyJlMmJmYjczMC1lY2FhLTExZTYtOGY4OC0zNDM2M2JjN2M0YzAiOnsiY3JlYXRlIjo2MDAwMDAwMDAwMDAsImRlbGV0ZSI6OTAwMDAwMDAwMDAwfSwic2NoZW1hX3ZlcnNpb24iOiIxIn0="
        }
      ]
    },
    {
      "mode": "managed",
      "type": "aws_security_group",
      "name": "consumers",
      "provider": "provider[\"registry.terraform.io/hashicorp/aws\"]",
      "instances": [
        {
          "schema_version": 1,
          "attributes": {
            "arn": "arn:aws:ec2:ap-south-1:640168415309:security-group/sg-082329c8d8875719e",
            "description": "EC2 consumers for MSK",
            "egress": [],
            "id": "sg-082329c8d8875719e",
            "ingress": [],
            "name": "msk-ec2-consumers",
            "name_prefix": "",
            "owner_id": "640168415309",
            "region": "ap-south-1",
            "revoke_rules_on_delete": false,
            "tags": {
              "AccessScope": "Hadi",
              "Env": "prod",
              "Owner": "Hadi",
              "Project": "CryptoData"
            },
            "tags_all": {
              "AccessScope": "Hadi",
              "Env": "prod",
              "Owner": "Hadi",
              "Project": "CryptoData"
            },
            "timeouts": null,
            "vpc_id": "vpc-088763652e22bcc79"
          },
          "sensitive_attributes": [],
          "identity_schema_version": 0,
          "identity": {
            "account_id": "640168415309",
            "id": "sg-082329c8d8875719e",
            "region": "ap-south-1"
          },
          "private": "eyJlMmJmYjczMC1lY2FhLTExZTYtOGY4OC0zNDM2M2JjN2M0YzAiOnsiY3JlYXRlIjo2MDAwMDAwMDAwMDAsImRlbGV0ZSI6OTAwMDAwMDAwMDAwfSwic2NoZW1hX3ZlcnNpb24iOiIxIn0="
        }
      ]
    },
    {
      "mode": "managed",
      "type": "aws_security_group",
      "name": "msk_brokers",
      "provider": "provider[\"registry.terraform.io/hashicorp/aws\"]",
      "instances": [
        {
          "schema_version": 1,
          "attributes": {
            "arn": "arn:aws:ec2:ap-south-1:640168415309:security-group/sg-0df21f1e5dfdf22de",
            "description": "MSK Serverless broker SG",
            "egress": [],
            "id": "sg-0df21f1e5dfdf22de",
            "ingress": [],
            "name": "crypto-stream-msk-brokers",
            "name_prefix": "",
            "owner_id": "640168415309",
            "region": "ap-south-1",
            "revoke_rules_on_delete": false,
            "tags": {
              "AccessScope": "Hadi",
              "Env": "prod",
              "Owner": "Hadi",
              "Project": "CryptoData"
            },
            "tags_all": {
              "AccessScope": "Hadi",
              "Env": "prod",
              "Owner": "Hadi",
              "Project": "CryptoData"
            },
            "timeouts": null,
            "vpc_id": "vpc-088763652e22bcc79"
          },
          "sensitive_attributes": [],
          "identity_schema_version": 0,
          "identity": {
            "account_id": "640168415309",
            "id": "sg-0df21f1e5dfdf22de",
            "region": "ap-south-1"
          },
          "private": "eyJlMmJmYjczMC1lY2FhLTExZTYtOGY4OC0zNDM2M2JjN2M0YzAiOnsiY3JlYXRlIjo2MDAwMDAwMDAwMDAsImRlbGV0ZSI6OTAwMDAwMDAwMDAwfSwic2NoZW1hX3ZlcnNpb24iOiIxIn0="
        }
      ]
    },
    {
      "mode": "managed",
      "type": "aws_vpc_security_group_egress_rule",
      "name": "msk_all_egress",
      "provider": "provider[\"registry.terraform.io/hashicorp/aws\"]",
      "instances": [
        {
          "schema_version": 0,
          "attributes": {
            "arn": "arn:aws:ec2:ap-south-1:640168415309:security-group-rule/sgr-06bf23f96e670f820",
            "cidr_ipv4": "0.0.0.0/0",
            "cidr_ipv6": null,
            "description": "Broker outbound",
            "from_port": null,
            "id": "sgr-06bf23f96e670f820",
            "ip_protocol": "-1",
            "prefix_list_id": null,
            "referenced_security_group_id": null,
            "region": "ap-south-1",
            "security_group_id": "sg-0df21f1e5dfdf22de",
            "security_group_rule_id": "sgr-06bf23f96e670f820",
            "tags": null,
            "tags_all": {
              "Env": "prod",
              "Owner": "Hadi",
              "Project": "CryptoData"
            },
            "to_port": null
          },
          "sensitive_attributes": [],
          "identity_schema_version": 0,
          "identity": {
            "account_id": "640168415309",
            "id": "sgr-06bf23f96e670f820",
            "region": "ap-south-1"
          },
          "dependencies": [
            "aws_security_group.msk_brokers"
          ]
        }
      ]
    },
    {
      "mode": "managed",
      "type": "aws_vpc_security_group_ingress_rule",
      "name": "msk_iam_9098_from_collector",
      "provider": "provider[\"registry.terraform.io/hashicorp/aws\"]",
      "instances": [
        {
          "schema_version": 0,
          "attributes": {
            "arn": "arn:aws:ec2:ap-south-1:640168415309:security-group-rule/sgr-0add05a648fa04c77",
            "cidr_ipv4": null,
            "cidr_ipv6": null,
            "description": "Collector-to-broker SASL/IAM TLS within VPC",
            "from_port": 9098,
            "id": "sgr-0add05a648fa04c77",
            "ip_protocol": "tcp",
            "prefix_list_id": null,
            "referenced_security_group_id": "sg-01b65663d76409ee5",
            "region": "ap-south-1",
            "security_group_id": "sg-0df21f1e5dfdf22de",
            "security_group_rule_id": "sgr-0add05a648fa04c77",
            "tags": null,
            "tags_all": {
              "Env": "prod",
              "Owner": "Hadi",
              "Project": "CryptoData"
            },
            "to_port": 9098
          },
          "sensitive_attributes": [],
          "identity_schema_version": 0,
          "identity": {
            "account_id": "640168415309",
            "id": "sgr-0add05a648fa04c77",
            "region": "ap-south-1"
          },
          "dependencies": [
            "aws_security_group.collector",
            "aws_security_group.msk_brokers"
          ]
        }
      ]
    },
    {
      "mode": "managed",
      "type": "aws_vpc_security_group_ingress_rule",
      "name": "msk_iam_9098_from_consumers",
      "provider": "provider[\"registry.terraform.io/hashicorp/aws\"]",
      "instances": [
        {
          "schema_version": 0,
          "attributes": {
            "arn": "arn:aws:ec2:ap-south-1:640168415309:security-group-rule/sgr-001595fed03df2d9b",
            "cidr_ipv4": null,
            "cidr_ipv6": null,
            "description": "Consumer-to-broker SASL/IAM TLS within VPC",
            "from_port": 9098,
            "id": "sgr-001595fed03df2d9b",
            "ip_protocol": "tcp",
            "prefix_list_id": null,
            "referenced_security_group_id": "sg-082329c8d8875719e",
            "region": "ap-south-1",
            "security_group_id": "sg-0df21f1e5dfdf22de",
            "security_group_rule_id": "sgr-001595fed03df2d9b",
            "tags": null,
            "tags_all": {
              "Env": "prod",
              "Owner": "Hadi",
              "Project": "CryptoData"
            },
            "to_port": 9098
          },
          "sensitive_attributes": [],
          "identity_schema_version": 0,
          "identity": {
            "account_id": "640168415309",
            "id": "sgr-001595fed03df2d9b",
            "region": "ap-south-1"
          },
          "dependencies": [
            "aws_security_group.consumers",
            "aws_security_group.msk_brokers"
          ]
        }
      ]
    }
  ],
  "check_results": null
}
