{
  "version": 4,
  "terraform_version": "1.12.2",
  "serial": 87,
  "lineage": "24a51595-fb62-c533-748d-f54998272fb6",
  "outputs": {
    "bootstrap_brokers_sasl_iam": {
      "value": "boot-a8blbvz0.c3.kafka-serverless.ap-south-1.amazonaws.com:9098",
      "type": "string"
    },
    "collector_instance_profile_name": {
      "value": "crypto-stream-collector",
      "type": "string"
    },
    "collector_sg_id": {
      "value": "sg-0ccfd4f2d5d504e34",
      "type": "string"
    },
    "consumer_policy_arn": {
      "value": "arn:aws:iam::640168415309:policy/crypto-stream-consumer",
      "type": "string"
    },
    "consumer_sg_id": {
      "value": "sg-071492e0ab4503b86",
      "type": "string"
    },
    "infrastructure_summary_json": {
      "value": "{\"cloudwatch\":{\"log_group_arn\":\"arn:aws:logs:ap-south-1:640168415309:log-group:/aws/msk/crypto-stream/broker\",\"log_group_name\":\"/aws/msk/crypto-stream/broker\",\"retention_days\":14},\"iam\":{\"attachments\":{\"collector_control\":{\"policy_arn\":\"arn:aws:iam::640168415309:policy/crypto-stream-msk-control\",\"role_name\":\"crypto-stream-collector\"},\"collector_producer\":{\"policy_arn\":\"arn:aws:iam::640168415309:policy/crypto-stream-producer\",\"role_name\":\"crypto-stream-collector\"}},\"instance_profiles\":{\"collector\":{\"arn\":\"arn:aws:iam::640168415309:instance-profile/crypto-stream-collector\",\"name\":\"crypto-stream-collector\"}},\"policies\":{\"consumer\":{\"arn\":\"arn:aws:iam::640168415309:policy/crypto-stream-consumer\",\"name\":\"crypto-stream-consumer\"},\"msk_control_plane\":{\"arn\":\"arn:aws:iam::640168415309:policy/crypto-stream-msk-control\",\"name\":\"crypto-stream-msk-control\"},\"producer\":{\"arn\":\"arn:aws:iam::640168415309:policy/crypto-stream-producer\",\"name\":\"crypto-stream-producer\"}},\"roles\":{\"collector\":{\"arn\":\"arn:aws:iam::640168415309:role/crypto-stream-collector\",\"name\":\"crypto-stream-collector\"}}},\"msk_cluster\":{\"arn\":\"arn:aws:kafka:ap-south-1:640168415309:cluster/crypto-stream/1bb73a2c-6802-4794-afa4-2dbe267442b8-s3\",\"bootstrap_brokers_sasl_iam\":\"boot-a8blbvz0.c3.kafka-serverless.ap-south-1.amazonaws.com:9098\",\"cluster_uuid\":\"1bb73a2c-6802-4794-afa4-2dbe267442b8-s3\",\"security_group_ids\":[\"sg-0348d116ffc83ecac\"],\"subnet_ids\":[\"subnet-03b137bc850c7f432\",\"subnet-04dcb46c1f97a2e4e\",\"subnet-0dec674b59949ad59\"],\"tags\":{\"AccessScope\":\"Hadi\",\"Env\":\"prod\",\"Owner\":\"Hadi\",\"Project\":\"CryptoData\"}},\"security_groups\":{\"collectors\":{\"arn\":\"arn:aws:ec2:ap-south-1:640168415309:security-group/sg-0ccfd4f2d5d504e34\",\"id\":\"sg-0ccfd4f2d5d504e34\",\"tags\":{\"AccessScope\":\"Hadi\",\"Env\":\"prod\",\"Owner\":\"Hadi\",\"Project\":\"CryptoData\"}},\"consumers\":{\"arn\":\"arn:aws:ec2:ap-south-1:640168415309:security-group/sg-071492e0ab4503b86\",\"id\":\"sg-071492e0ab4503b86\",\"tags\":{\"AccessScope\":\"Hadi\",\"Env\":\"prod\",\"Owner\":\"Hadi\",\"Project\":\"CryptoData\"}},\"egress_rule\":{\"arn\":\"arn:aws:ec2:ap-south-1:640168415309:security-group-rule/sgr-0376d323c3dd84a2f\",\"cidr_ipv4\":\"0.0.0.0/0\",\"id\":\"sgr-0376d323c3dd84a2f\",\"ip_protocol\":\"-1\",\"security_group_rule_id\":\"sgr-0376d323c3dd84a2f\"},\"ingress_rules\":[{\"arn\":\"arn:aws:ec2:ap-south-1:640168415309:security-group-rule/sgr-02988926b1863b9a5\",\"description\":\"Collector-to-broker SASL/IAM TLS within VPC\",\"from_port\":9098,\"id\":\"sgr-02988926b1863b9a5\",\"key\":\"collectors\",\"protocol\":\"tcp\",\"referenced_security_group_id\":\"sg-0ccfd4f2d5d504e34\",\"to_port\":9098},{\"arn\":\"arn:aws:ec2:ap-south-1:640168415309:security-group-rule/sgr-0c94568aa4508a701\",\"description\":\"Consumer-to-broker SASL/IAM TLS within VPC\",\"from_port\":9098,\"id\":\"sgr-0c94568aa4508a701\",\"key\":\"consumers\",\"protocol\":\"tcp\",\"referenced_security_group_id\":\"sg-071492e0ab4503b86\",\"to_port\":9098}],\"msk_brokers\":{\"arn\":\"arn:aws:ec2:ap-south-1:640168415309:security-group/sg-0348d116ffc83ecac\",\"id\":\"sg-0348d116ffc83ecac\",\"tags\":{\"AccessScope\":\"Hadi\",\"Env\":\"prod\",\"Owner\":\"Hadi\",\"Project\":\"CryptoData\"}}}}",
      "type": "string"
    },
    "msk_broker_security_group_id": {
      "value": "sg-0348d116ffc83ecac",
      "type": "string"
    },
    "msk_cluster_arn": {
      "value": "arn:aws:kafka:ap-south-1:640168415309:cluster/crypto-stream/1bb73a2c-6802-4794-afa4-2dbe267442b8-s3",
      "type": "string"
    },
    "msk_cluster_uuid": {
      "value": "1bb73a2c-6802-4794-afa4-2dbe267442b8-s3",
      "type": "string"
    }
  },
  "resources": [
    {
      "mode": "data",
      "type": "aws_caller_identity",
      "name": "this",
      "provider": "provider[\"registry.terraform.io/hashicorp/aws\"]",
      "instances": [
        {
          "schema_version": 0,
          "attributes": {
            "account_id": "640168415309",
            "arn": "arn:aws:sts::640168415309:assumed-role/MSK-Builder/aws-go-sdk-1759570908600371823",
            "id": "640168415309",
            "user_id": "AROAZKDIC2BGSSHVZITRM:aws-go-sdk-1759570908600371823"
          },
          "sensitive_attributes": [],
          "identity_schema_version": 0
        }
      ]
    },
    {
      "mode": "data",
      "type": "aws_iam_policy_document",
      "name": "collector_assume",
      "provider": "provider[\"registry.terraform.io/hashicorp/aws\"]",
      "instances": [
        {
          "schema_version": 0,
          "attributes": {
            "id": "2851119427",
            "json": "{\n  \"Version\": \"2012-10-17\",\n  \"Statement\": [\n    {\n      \"Effect\": \"Allow\",\n      \"Action\": \"sts:AssumeRole\",\n      \"Principal\": {\n        \"Service\": \"ec2.amazonaws.com\"\n      }\n    }\n  ]\n}",
            "minified_json": "{\"Version\":\"2012-10-17\",\"Statement\":[{\"Effect\":\"Allow\",\"Action\":\"sts:AssumeRole\",\"Principal\":{\"Service\":\"ec2.amazonaws.com\"}}]}",
            "override_json": null,
            "override_policy_documents": null,
            "policy_id": null,
            "source_json": null,
            "source_policy_documents": null,
            "statement": [
              {
                "actions": [
                  "sts:AssumeRole"
                ],
                "condition": [],
                "effect": "Allow",
                "not_actions": [],
                "not_principals": [],
                "not_resources": [],
                "principals": [
                  {
                    "identifiers": [
                      "ec2.amazonaws.com"
                    ],
                    "type": "Service"
                  }
                ],
                "resources": [],
                "sid": ""
              }
            ],
            "version": "2012-10-17"
          },
          "sensitive_attributes": [],
          "identity_schema_version": 0
        }
      ]
    },
    {
      "mode": "data",
      "type": "aws_iam_policy_document",
      "name": "consumer",
      "provider": "provider[\"registry.terraform.io/hashicorp/aws\"]",
      "instances": [
        {
          "schema_version": 0,
          "attributes": {
            "id": "863317604",
            "json": "{\n  \"Version\": \"2012-10-17\",\n  \"Statement\": [\n    {\n      \"Sid\": \"ConnectCluster\",\n      \"Effect\": \"Allow\",\n      \"Action\": \"kafka-cluster:Connect\",\n      \"Resource\": \"arn:aws:kafka:ap-south-1:640168415309:cluster/crypto-stream/1bb73a2c-6802-4794-afa4-2dbe267442b8-s3\"\n    },\n    {\n      \"Sid\": \"ReadFromTopics\",\n      \"Effect\": \"Allow\",\n      \"Action\": [\n        \"kafka-cluster:ReadData\",\n        \"kafka-cluster:DescribeTopic\"\n      ],\n      \"Resource\": \"arn:aws:kafka:ap-south-1:640168415309:topic/crypto-stream/1bb73a2c-6802-4794-afa4-2dbe267442b8-s3/exchg.*\"\n    },\n    {\n      \"Sid\": \"GroupMembership\",\n      \"Effect\": \"Allow\",\n      \"Action\": [\n        \"kafka-cluster:DescribeGroup\",\n        \"kafka-cluster:DeleteGroup\",\n        \"kafka-cluster:AlterGroup\"\n      ],\n      \"Resource\": [\n        \"arn:aws:kafka:ap-south-1:640168415309:group/crypto-stream/1bb73a2c-6802-4794-afa4-2dbe267442b8-s3/team-research\",\n        \"arn:aws:kafka:ap-south-1:640168415309:group/crypto-stream/1bb73a2c-6802-4794-afa4-2dbe267442b8-s3/team-quant\"\n      ]\n    }\n  ]\n}",
            "minified_json": "{\"Version\":\"2012-10-17\",\"Statement\":[{\"Sid\":\"ConnectCluster\",\"Effect\":\"Allow\",\"Action\":\"kafka-cluster:Connect\",\"Resource\":\"arn:aws:kafka:ap-south-1:640168415309:cluster/crypto-stream/1bb73a2c-6802-4794-afa4-2dbe267442b8-s3\"},{\"Sid\":\"ReadFromTopics\",\"Effect\":\"Allow\",\"Action\":[\"kafka-cluster:ReadData\",\"kafka-cluster:DescribeTopic\"],\"Resource\":\"arn:aws:kafka:ap-south-1:640168415309:topic/crypto-stream/1bb73a2c-6802-4794-afa4-2dbe267442b8-s3/exchg.*\"},{\"Sid\":\"GroupMembership\",\"Effect\":\"Allow\",\"Action\":[\"kafka-cluster:DescribeGroup\",\"kafka-cluster:DeleteGroup\",\"kafka-cluster:AlterGroup\"],\"Resource\":[\"arn:aws:kafka:ap-south-1:640168415309:group/crypto-stream/1bb73a2c-6802-4794-afa4-2dbe267442b8-s3/team-research\",\"arn:aws:kafka:ap-south-1:640168415309:group/crypto-stream/1bb73a2c-6802-4794-afa4-2dbe267442b8-s3/team-quant\"]}]}",
            "override_json": null,
            "override_policy_documents": null,
            "policy_id": null,
            "source_json": null,
            "source_policy_documents": null,
            "statement": [
              {
                "actions": [
                  "kafka-cluster:Connect"
                ],
                "condition": [],
                "effect": "Allow",
                "not_actions": [],
                "not_principals": [],
                "not_resources": [],
                "principals": [],
                "resources": [
                  "arn:aws:kafka:ap-south-1:640168415309:cluster/crypto-stream/1bb73a2c-6802-4794-afa4-2dbe267442b8-s3"
                ],
                "sid": "ConnectCluster"
              },
              {
                "actions": [
                  "kafka-cluster:DescribeTopic",
                  "kafka-cluster:ReadData"
                ],
                "condition": [],
                "effect": "Allow",
                "not_actions": [],
                "not_principals": [],
                "not_resources": [],
                "principals": [],
                "resources": [
                  "arn:aws:kafka:ap-south-1:640168415309:topic/crypto-stream/1bb73a2c-6802-4794-afa4-2dbe267442b8-s3/exchg.*"
                ],
                "sid": "ReadFromTopics"
              },
              {
                "actions": [
                  "kafka-cluster:AlterGroup",
                  "kafka-cluster:DeleteGroup",
                  "kafka-cluster:DescribeGroup"
                ],
                "condition": [],
                "effect": "Allow",
                "not_actions": [],
                "not_principals": [],
                "not_resources": [],
                "principals": [],
                "resources": [
                  "arn:aws:kafka:ap-south-1:640168415309:group/crypto-stream/1bb73a2c-6802-4794-afa4-2dbe267442b8-s3/team-quant",
                  "arn:aws:kafka:ap-south-1:640168415309:group/crypto-stream/1bb73a2c-6802-4794-afa4-2dbe267442b8-s3/team-research"
                ],
                "sid": "GroupMembership"
              }
            ],
            "version": "2012-10-17"
          },
          "sensitive_attributes": [],
          "identity_schema_version": 0
        }
      ]
    },
    {
      "mode": "data",
      "type": "aws_iam_policy_document",
      "name": "msk_control_plane",
      "provider": "provider[\"registry.terraform.io/hashicorp/aws\"]",
      "instances": [
        {
          "schema_version": 0,
          "attributes": {
            "id": "2615178367",
            "json": "{\n  \"Version\": \"2012-10-17\",\n  \"Statement\": [\n    {\n      \"Effect\": \"Allow\",\n      \"Action\": [\n        \"kafka:GetBootstrapBrokers\",\n        \"kafka:DescribeClusterV2\",\n        \"kafka:DescribeCluster\"\n      ],\n      \"Resource\": \"arn:aws:kafka:ap-south-1:640168415309:cluster/crypto-stream/1bb73a2c-6802-4794-afa4-2dbe267442b8-s3\"\n    }\n  ]\n}",
            "minified_json": "{\"Version\":\"2012-10-17\",\"Statement\":[{\"Effect\":\"Allow\",\"Action\":[\"kafka:GetBootstrapBrokers\",\"kafka:DescribeClusterV2\",\"kafka:DescribeCluster\"],\"Resource\":\"arn:aws:kafka:ap-south-1:640168415309:cluster/crypto-stream/1bb73a2c-6802-4794-afa4-2dbe267442b8-s3\"}]}",
            "override_json": null,
            "override_policy_documents": null,
            "policy_id": null,
            "source_json": null,
            "source_policy_documents": null,
            "statement": [
              {
                "actions": [
                  "kafka:DescribeCluster",
                  "kafka:DescribeClusterV2",
                  "kafka:GetBootstrapBrokers"
                ],
                "condition": [],
                "effect": "Allow",
                "not_actions": [],
                "not_principals": [],
                "not_resources": [],
                "principals": [],
                "resources": [
                  "arn:aws:kafka:ap-south-1:640168415309:cluster/crypto-stream/1bb73a2c-6802-4794-afa4-2dbe267442b8-s3"
                ],
                "sid": ""
              }
            ],
            "version": "2012-10-17"
          },
          "sensitive_attributes": [],
          "identity_schema_version": 0
        }
      ]
    },
    {
      "mode": "data",
      "type": "aws_iam_policy_document",
      "name": "producer",
      "provider": "provider[\"registry.terraform.io/hashicorp/aws\"]",
      "instances": [
        {
          "schema_version": 0,
          "attributes": {
            "id": "1351491511",
            "json": "{\n  \"Version\": \"2012-10-17\",\n  \"Statement\": [\n    {\n      \"Sid\": \"ConnectCluster\",\n      \"Effect\": \"Allow\",\n      \"Action\": [\n        \"kafka-cluster:WriteDataIdempotently\",\n        \"kafka-cluster:Connect\"\n      ],\n      \"Resource\": \"arn:aws:kafka:ap-south-1:640168415309:cluster/crypto-stream/1bb73a2c-6802-4794-afa4-2dbe267442b8-s3\"\n    },\n    {\n      \"Sid\": \"WriteToTopics\",\n      \"Effect\": \"Allow\",\n      \"Action\": [\n        \"kafka-cluster:WriteData\",\n        \"kafka-cluster:DescribeTopic\",\n        \"kafka-cluster:CreateTopic\"\n      ],\n      \"Resource\": [\n        \"arn:aws:kafka:ap-south-1:640168415309:topic/crypto-stream/1bb73a2c-6802-4794-afa4-2dbe267442b8-s3/trades.*\",\n        \"arn:aws:kafka:ap-south-1:640168415309:topic/crypto-stream/1bb73a2c-6802-4794-afa4-2dbe267442b8-s3/exchg.*\"\n      ]\n    }\n  ]\n}",
            "minified_json": "{\"Version\":\"2012-10-17\",\"Statement\":[{\"Sid\":\"ConnectCluster\",\"Effect\":\"Allow\",\"Action\":[\"kafka-cluster:WriteDataIdempotently\",\"kafka-cluster:Connect\"],\"Resource\":\"arn:aws:kafka:ap-south-1:640168415309:cluster/crypto-stream/1bb73a2c-6802-4794-afa4-2dbe267442b8-s3\"},{\"Sid\":\"WriteToTopics\",\"Effect\":\"Allow\",\"Action\":[\"kafka-cluster:WriteData\",\"kafka-cluster:DescribeTopic\",\"kafka-cluster:CreateTopic\"],\"Resource\":[\"arn:aws:kafka:ap-south-1:640168415309:topic/crypto-stream/1bb73a2c-6802-4794-afa4-2dbe267442b8-s3/trades.*\",\"arn:aws:kafka:ap-south-1:640168415309:topic/crypto-stream/1bb73a2c-6802-4794-afa4-2dbe267442b8-s3/exchg.*\"]}]}",
            "override_json": null,
            "override_policy_documents": null,
            "policy_id": null,
            "source_json": null,
            "source_policy_documents": null,
            "statement": [
              {
                "actions": [
                  "kafka-cluster:Connect",
                  "kafka-cluster:WriteDataIdempotently"
                ],
                "condition": [],
                "effect": "Allow",
                "not_actions": [],
                "not_principals": [],
                "not_resources": [],
                "principals": [],
                "resources": [
                  "arn:aws:kafka:ap-south-1:640168415309:cluster/crypto-stream/1bb73a2c-6802-4794-afa4-2dbe267442b8-s3"
                ],
                "sid": "ConnectCluster"
              },
              {
                "actions": [
                  "kafka-cluster:CreateTopic",
                  "kafka-cluster:DescribeTopic",
                  "kafka-cluster:WriteData"
                ],
                "condition": [],
                "effect": "Allow",
                "not_actions": [],
                "not_principals": [],
                "not_resources": [],
                "principals": [],
                "resources": [
                  "arn:aws:kafka:ap-south-1:640168415309:topic/crypto-stream/1bb73a2c-6802-4794-afa4-2dbe267442b8-s3/exchg.*",
                  "arn:aws:kafka:ap-south-1:640168415309:topic/crypto-stream/1bb73a2c-6802-4794-afa4-2dbe267442b8-s3/trades.*"
                ],
                "sid": "WriteToTopics"
              }
            ],
            "version": "2012-10-17"
          },
          "sensitive_attributes": [],
          "identity_schema_version": 0
        }
      ]
    },
    {
      "mode": "managed",
      "type": "aws_cloudwatch_log_group",
      "name": "msk_broker",
      "provider": "provider[\"registry.terraform.io/hashicorp/aws\"]",
      "instances": [
        {
          "schema_version": 0,
          "attributes": {
            "arn": "arn:aws:logs:ap-south-1:640168415309:log-group:/aws/msk/crypto-stream/broker",
            "id": "/aws/msk/crypto-stream/broker",
            "kms_key_id": "",
            "log_group_class": "STANDARD",
            "name": "/aws/msk/crypto-stream/broker",
            "name_prefix": "",
            "region": "ap-south-1",
            "retention_in_days": 14,
            "skip_destroy": false,
            "tags": {
              "AccessScope": "Hadi",
              "Env": "prod",
              "Owner": "Hadi",
              "Project": "CryptoData"
            },
            "tags_all": {
              "AccessScope": "Hadi",
              "Env": "prod",
              "Owner": "Hadi",
              "Project": "CryptoData"
            }
          },
          "sensitive_attributes": [],
          "identity_schema_version": 0,
          "identity": {
            "account_id": "640168415309",
            "name": "/aws/msk/crypto-stream/broker",
            "region": "ap-south-1"
          },
          "private": "bnVsbA=="
        }
      ]
    },
    {
      "mode": "managed",
      "type": "aws_iam_instance_profile",
      "name": "collector_profile",
      "provider": "provider[\"registry.terraform.io/hashicorp/aws\"]",
      "instances": [
        {
          "schema_version": 0,
          "attributes": {
            "arn": "arn:aws:iam::640168415309:instance-profile/crypto-stream-collector",
            "create_date": "2025-10-04T09:41:58Z",
            "id": "crypto-stream-collector",
            "name": "crypto-stream-collector",
            "name_prefix": "",
            "path": "/",
            "role": "crypto-stream-collector",
            "tags": {
              "AccessScope": "Hadi",
              "Env": "prod",
              "Owner": "Hadi",
              "Project": "CryptoData"
            },
            "tags_all": {
              "AccessScope": "Hadi",
              "Env": "prod",
              "Owner": "Hadi",
              "Project": "CryptoData"
            },
            "unique_id": "AIPAZKDIC2BGYM4RFHN3P"
          },
          "sensitive_attributes": [],
          "identity_schema_version": 0,
          "private": "bnVsbA==",
          "dependencies": [
            "aws_iam_role.collector_role",
            "data.aws_iam_policy_document.collector_assume"
          ]
        }
      ]
    },
    {
      "mode": "managed",
      "type": "aws_iam_policy",
      "name": "consumer",
      "provider": "provider[\"registry.terraform.io/hashicorp/aws\"]",
      "instances": [
        {
          "schema_version": 0,
          "attributes": {
            "arn": "arn:aws:iam::640168415309:policy/crypto-stream-consumer",
            "attachment_count": 0,
            "description": "",
            "id": "arn:aws:iam::640168415309:policy/crypto-stream-consumer",
            "name": "crypto-stream-consumer",
            "name_prefix": "",
            "path": "/",
            "policy": "{\"Statement\":[{\"Action\":\"kafka-cluster:Connect\",\"Effect\":\"Allow\",\"Resource\":\"arn:aws:kafka:ap-south-1:640168415309:cluster/crypto-stream/1bb73a2c-6802-4794-afa4-2dbe267442b8-s3\",\"Sid\":\"ConnectCluster\"},{\"Action\":[\"kafka-cluster:ReadData\",\"kafka-cluster:DescribeTopic\"],\"Effect\":\"Allow\",\"Resource\":\"arn:aws:kafka:ap-south-1:640168415309:topic/crypto-stream/1bb73a2c-6802-4794-afa4-2dbe267442b8-s3/exchg.*\",\"Sid\":\"ReadFromTopics\"},{\"Action\":[\"kafka-cluster:DescribeGroup\",\"kafka-cluster:DeleteGroup\",\"kafka-cluster:AlterGroup\"],\"Effect\":\"Allow\",\"Resource\":[\"arn:aws:kafka:ap-south-1:640168415309:group/crypto-stream/1bb73a2c-6802-4794-afa4-2dbe267442b8-s3/team-research\",\"arn:aws:kafka:ap-south-1:640168415309:group/crypto-stream/1bb73a2c-6802-4794-afa4-2dbe267442b8-s3/team-quant\"],\"Sid\":\"GroupMembership\"}],\"Version\":\"2012-10-17\"}",
            "policy_id": "ANPAZKDIC2BGSBTABGH6G",
            "tags": {
              "AccessScope": "Hadi",
              "Env": "prod",
              "Owner": "Hadi",
              "Project": "CryptoData"
            },
            "tags_all": {
              "AccessScope": "Hadi",
              "Env": "prod",
              "Owner": "Hadi",
              "Project": "CryptoData"
            }
          },
          "sensitive_attributes": [],
          "identity_schema_version": 0,
          "identity": {
            "arn": "arn:aws:iam::640168415309:policy/crypto-stream-consumer"
          },
          "private": "bnVsbA==",
          "dependencies": [
            "aws_msk_serverless_cluster.this",
            "aws_security_group.msk_brokers",
            "data.aws_caller_identity.this",
            "data.aws_iam_policy_document.consumer"
          ]
        }
      ]
    },
    {
      "mode": "managed",
      "type": "aws_iam_policy",
      "name": "msk_control_plane",
      "provider": "provider[\"registry.terraform.io/hashicorp/aws\"]",
      "instances": [
        {
          "schema_version": 0,
          "attributes": {
            "arn": "arn:aws:iam::640168415309:policy/crypto-stream-msk-control",
            "attachment_count": 0,
            "description": "",
            "id": "arn:aws:iam::640168415309:policy/crypto-stream-msk-control",
            "name": "crypto-stream-msk-control",
            "name_prefix": "",
            "path": "/",
            "policy": "{\"Statement\":[{\"Action\":[\"kafka:GetBootstrapBrokers\",\"kafka:DescribeClusterV2\",\"kafka:DescribeCluster\"],\"Effect\":\"Allow\",\"Resource\":\"arn:aws:kafka:ap-south-1:640168415309:cluster/crypto-stream/1bb73a2c-6802-4794-afa4-2dbe267442b8-s3\"}],\"Version\":\"2012-10-17\"}",
            "policy_id": "ANPAZKDIC2BG7IGTXJA2D",
            "tags": {
              "AccessScope": "Hadi",
              "Env": "prod",
              "Owner": "Hadi",
              "Project": "CryptoData"
            },
            "tags_all": {
              "AccessScope": "Hadi",
              "Env": "prod",
              "Owner": "Hadi",
              "Project": "CryptoData"
            }
          },
          "sensitive_attributes": [],
          "identity_schema_version": 0,
          "identity": {
            "arn": "arn:aws:iam::640168415309:policy/crypto-stream-msk-control"
          },
          "private": "bnVsbA==",
          "dependencies": [
            "aws_msk_serverless_cluster.this",
            "aws_security_group.msk_brokers",
            "data.aws_iam_policy_document.msk_control_plane"
          ]
        }
      ]
    },
    {
      "mode": "managed",
      "type": "aws_iam_policy",
      "name": "producer",
      "provider": "provider[\"registry.terraform.io/hashicorp/aws\"]",
      "instances": [
        {
          "schema_version": 0,
          "attributes": {
            "arn": "arn:aws:iam::640168415309:policy/crypto-stream-producer",
            "attachment_count": 0,
            "description": "",
            "id": "arn:aws:iam::640168415309:policy/crypto-stream-producer",
            "name": "crypto-stream-producer",
            "name_prefix": "",
            "path": "/",
            "policy": "{\"Statement\":[{\"Action\":[\"kafka-cluster:WriteDataIdempotently\",\"kafka-cluster:Connect\"],\"Effect\":\"Allow\",\"Resource\":\"arn:aws:kafka:ap-south-1:640168415309:cluster/crypto-stream/1bb73a2c-6802-4794-afa4-2dbe267442b8-s3\",\"Sid\":\"ConnectCluster\"},{\"Action\":[\"kafka-cluster:WriteData\",\"kafka-cluster:DescribeTopic\",\"kafka-cluster:CreateTopic\"],\"Effect\":\"Allow\",\"Resource\":[\"arn:aws:kafka:ap-south-1:640168415309:topic/crypto-stream/1bb73a2c-6802-4794-afa4-2dbe267442b8-s3/trades.*\",\"arn:aws:kafka:ap-south-1:640168415309:topic/crypto-stream/1bb73a2c-6802-4794-afa4-2dbe267442b8-s3/exchg.*\"],\"Sid\":\"WriteToTopics\"}],\"Version\":\"2012-10-17\"}",
            "policy_id": "ANPAZKDIC2BGXE4DOHMYO",
            "tags": {
              "AccessScope": "Hadi",
              "Env": "prod",
              "Owner": "Hadi",
              "Project": "CryptoData"
            },
            "tags_all": {
              "AccessScope": "Hadi",
              "Env": "prod",
              "Owner": "Hadi",
              "Project": "CryptoData"
            }
          },
          "sensitive_attributes": [],
          "identity_schema_version": 0,
          "identity": {
            "arn": "arn:aws:iam::640168415309:policy/crypto-stream-producer"
          },
          "private": "bnVsbA==",
          "dependencies": [
            "aws_msk_serverless_cluster.this",
            "aws_security_group.msk_brokers",
            "data.aws_caller_identity.this",
            "data.aws_iam_policy_document.producer"
          ]
        }
      ]
    },
    {
      "mode": "managed",
      "type": "aws_iam_role",
      "name": "collector_role",
      "provider": "provider[\"registry.terraform.io/hashicorp/aws\"]",
      "instances": [
        {
          "schema_version": 0,
          "attributes": {
            "arn": "arn:aws:iam::640168415309:role/crypto-stream-collector",
            "assume_role_policy": "{\"Statement\":[{\"Action\":\"sts:AssumeRole\",\"Effect\":\"Allow\",\"Principal\":{\"Service\":\"ec2.amazonaws.com\"}}],\"Version\":\"2012-10-17\"}",
            "create_date": "2025-10-04T09:41:57Z",
            "description": "",
            "force_detach_policies": false,
            "id": "crypto-stream-collector",
            "inline_policy": [],
            "managed_policy_arns": [],
            "max_session_duration": 3600,
            "name": "crypto-stream-collector",
            "name_prefix": "",
            "path": "/",
            "permissions_boundary": "arn:aws:iam::640168415309:policy/MSK-Permission-Boundary",
            "tags": {
              "AccessScope": "Hadi",
              "Env": "prod",
              "Owner": "Hadi",
              "Project": "CryptoData"
            },
            "tags_all": {
              "AccessScope": "Hadi",
              "Env": "prod",
              "Owner": "Hadi",
              "Project": "CryptoData"
            },
            "unique_id": "AROAZKDIC2BGRRUF6PZ6D"
          },
          "sensitive_attributes": [],
          "identity_schema_version": 0,
          "identity": {
            "account_id": "640168415309",
            "name": "crypto-stream-collector"
          },
          "private": "bnVsbA==",
          "dependencies": [
            "data.aws_iam_policy_document.collector_assume"
          ]
        }
      ]
    },
    {
      "mode": "managed",
      "type": "aws_iam_role_policy_attachment",
      "name": "collector_control_attach",
      "provider": "provider[\"registry.terraform.io/hashicorp/aws\"]",
      "instances": [
        {
          "schema_version": 0,
          "attributes": {
            "id": "crypto-stream-collector/arn:aws:iam::640168415309:policy/crypto-stream-msk-control",
            "policy_arn": "arn:aws:iam::640168415309:policy/crypto-stream-msk-control",
            "role": "crypto-stream-collector"
          },
          "sensitive_attributes": [],
          "identity_schema_version": 0,
          "identity": {
            "account_id": "640168415309",
            "policy_arn": "arn:aws:iam::640168415309:policy/crypto-stream-msk-control",
            "role": "crypto-stream-collector"
          },
          "private": "bnVsbA==",
          "dependencies": [
            "aws_iam_policy.msk_control_plane",
            "aws_iam_role.collector_role",
            "aws_msk_serverless_cluster.this",
            "aws_security_group.msk_brokers",
            "data.aws_iam_policy_document.collector_assume",
            "data.aws_iam_policy_document.msk_control_plane"
          ]
        }
      ]
    },
    {
      "mode": "managed",
      "type": "aws_iam_role_policy_attachment",
      "name": "collector_producer_attach",
      "provider": "provider[\"registry.terraform.io/hashicorp/aws\"]",
      "instances": [
        {
          "schema_version": 0,
          "attributes": {
            "id": "crypto-stream-collector/arn:aws:iam::640168415309:policy/crypto-stream-producer",
            "policy_arn": "arn:aws:iam::640168415309:policy/crypto-stream-producer",
            "role": "crypto-stream-collector"
          },
          "sensitive_attributes": [],
          "identity_schema_version": 0,
          "identity": {
            "account_id": "640168415309",
            "policy_arn": "arn:aws:iam::640168415309:policy/crypto-stream-producer",
            "role": "crypto-stream-collector"
          },
          "private": "bnVsbA==",
          "dependencies": [
            "aws_iam_policy.producer",
            "aws_iam_role.collector_role",
            "aws_msk_serverless_cluster.this",
            "aws_security_group.msk_brokers",
            "data.aws_caller_identity.this",
            "data.aws_iam_policy_document.collector_assume",
            "data.aws_iam_policy_document.producer"
          ]
        }
      ]
    },
    {
      "mode": "managed",
      "type": "aws_msk_serverless_cluster",
      "name": "this",
      "provider": "provider[\"registry.terraform.io/hashicorp/aws\"]",
      "instances": [
        {
          "schema_version": 0,
          "attributes": {
            "arn": "arn:aws:kafka:ap-south-1:640168415309:cluster/crypto-stream/1bb73a2c-6802-4794-afa4-2dbe267442b8-s3",
            "bootstrap_brokers_sasl_iam": "boot-a8blbvz0.c3.kafka-serverless.ap-south-1.amazonaws.com:9098",
            "client_authentication": [
              {
                "sasl": [
                  {
                    "iam": [
                      {
                        "enabled": true
                      }
                    ]
                  }
                ]
              }
            ],
            "cluster_name": "crypto-stream",
            "cluster_uuid": "1bb73a2c-6802-4794-afa4-2dbe267442b8-s3",
            "id": "arn:aws:kafka:ap-south-1:640168415309:cluster/crypto-stream/1bb73a2c-6802-4794-afa4-2dbe267442b8-s3",
            "region": "ap-south-1",
            "tags": {
              "AccessScope": "Hadi",
              "Env": "prod",
              "Owner": "Hadi",
              "Project": "CryptoData"
            },
            "tags_all": {
              "AccessScope": "Hadi",
              "Env": "prod",
              "Owner": "Hadi",
              "Project": "CryptoData"
            },
            "timeouts": null,
            "vpc_config": [
              {
                "security_group_ids": [
                  "sg-0348d116ffc83ecac"
                ],
                "subnet_ids": [
                  "subnet-03b137bc850c7f432",
                  "subnet-04dcb46c1f97a2e4e",
                  "subnet-0dec674b59949ad59"
                ]
              }
            ]
          },
          "sensitive_attributes": [],
          "identity_schema_version": 0,
          "private": "eyJlMmJmYjczMC1lY2FhLTExZTYtOGY4OC0zNDM2M2JjN2M0YzAiOnsiY3JlYXRlIjo3MjAwMDAwMDAwMDAwLCJkZWxldGUiOjcyMDAwMDAwMDAwMDB9fQ==",
          "dependencies": [
            "aws_security_group.msk_brokers"
          ]
        }
      ]
    },
    {
      "mode": "managed",
      "type": "aws_security_group",
      "name": "collector",
      "provider": "provider[\"registry.terraform.io/hashicorp/aws\"]",
      "instances": [
        {
          "schema_version": 1,
          "attributes": {
            "arn": "arn:aws:ec2:ap-south-1:640168415309:security-group/sg-0ccfd4f2d5d504e34",
            "description": "EC2 collectors for MSK",
            "egress": [
              {
                "cidr_blocks": [
                  "0.0.0.0/0"
                ],
                "description": "",
                "from_port": 0,
                "ipv6_cidr_blocks": [],
                "prefix_list_ids": [],
                "protocol": "-1",
                "security_groups": [],
                "self": false,
                "to_port": 0
              }
            ],
            "id": "sg-0ccfd4f2d5d504e34",
            "ingress": [],
            "name": "msk-ec2-collectors",
            "name_prefix": "",
            "owner_id": "640168415309",
            "region": "ap-south-1",
            "revoke_rules_on_delete": false,
            "tags": {
              "AccessScope": "Hadi",
              "Env": "prod",
              "Owner": "Hadi",
              "Project": "CryptoData"
            },
            "tags_all": {
              "AccessScope": "Hadi",
              "Env": "prod",
              "Owner": "Hadi",
              "Project": "CryptoData"
            },
            "timeouts": null,
            "vpc_id": "vpc-088763652e22bcc79"
          },
          "sensitive_attributes": [],
          "identity_schema_version": 0,
          "identity": {
            "account_id": "640168415309",
            "id": "sg-0ccfd4f2d5d504e34",
            "region": "ap-south-1"
          },
          "private": "eyJlMmJmYjczMC1lY2FhLTExZTYtOGY4OC0zNDM2M2JjN2M0YzAiOnsiY3JlYXRlIjo2MDAwMDAwMDAwMDAsImRlbGV0ZSI6OTAwMDAwMDAwMDAwfSwic2NoZW1hX3ZlcnNpb24iOiIxIn0="
        }
      ]
    },
    {
      "mode": "managed",
      "type": "aws_security_group",
      "name": "consumers",
      "provider": "provider[\"registry.terraform.io/hashicorp/aws\"]",
      "instances": [
        {
          "schema_version": 1,
          "attributes": {
            "arn": "arn:aws:ec2:ap-south-1:640168415309:security-group/sg-071492e0ab4503b86",
            "description": "EC2 consumers for MSK",
            "egress": [],
            "id": "sg-071492e0ab4503b86",
            "ingress": [],
            "name": "msk-ec2-consumers",
            "name_prefix": "",
            "owner_id": "640168415309",
            "region": "ap-south-1",
            "revoke_rules_on_delete": false,
            "tags": {
              "AccessScope": "Hadi",
              "Env": "prod",
              "Owner": "Hadi",
              "Project": "CryptoData"
            },
            "tags_all": {
              "AccessScope": "Hadi",
              "Env": "prod",
              "Owner": "Hadi",
              "Project": "CryptoData"
            },
            "timeouts": null,
            "vpc_id": "vpc-088763652e22bcc79"
          },
          "sensitive_attributes": [],
          "identity_schema_version": 0,
          "identity": {
            "account_id": "640168415309",
            "id": "sg-071492e0ab4503b86",
            "region": "ap-south-1"
          },
          "private": "eyJlMmJmYjczMC1lY2FhLTExZTYtOGY4OC0zNDM2M2JjN2M0YzAiOnsiY3JlYXRlIjo2MDAwMDAwMDAwMDAsImRlbGV0ZSI6OTAwMDAwMDAwMDAwfSwic2NoZW1hX3ZlcnNpb24iOiIxIn0="
        }
      ]
    },
    {
      "mode": "managed",
      "type": "aws_security_group",
      "name": "msk_brokers",
      "provider": "provider[\"registry.terraform.io/hashicorp/aws\"]",
      "instances": [
        {
          "schema_version": 1,
          "attributes": {
            "arn": "arn:aws:ec2:ap-south-1:640168415309:security-group/sg-0348d116ffc83ecac",
            "description": "MSK Serverless broker SG",
            "egress": [],
            "id": "sg-0348d116ffc83ecac",
            "ingress": [],
            "name": "crypto-stream-msk-brokers",
            "name_prefix": "",
            "owner_id": "640168415309",
            "region": "ap-south-1",
            "revoke_rules_on_delete": false,
            "tags": {
              "AccessScope": "Hadi",
              "Env": "prod",
              "Owner": "Hadi",
              "Project": "CryptoData"
            },
            "tags_all": {
              "AccessScope": "Hadi",
              "Env": "prod",
              "Owner": "Hadi",
              "Project": "CryptoData"
            },
            "timeouts": null,
            "vpc_id": "vpc-088763652e22bcc79"
          },
          "sensitive_attributes": [],
          "identity_schema_version": 0,
          "identity": {
            "account_id": "640168415309",
            "id": "sg-0348d116ffc83ecac",
            "region": "ap-south-1"
          },
          "private": "eyJlMmJmYjczMC1lY2FhLTExZTYtOGY4OC0zNDM2M2JjN2M0YzAiOnsiY3JlYXRlIjo2MDAwMDAwMDAwMDAsImRlbGV0ZSI6OTAwMDAwMDAwMDAwfSwic2NoZW1hX3ZlcnNpb24iOiIxIn0="
        }
      ]
    },
    {
      "mode": "managed",
      "type": "aws_vpc_security_group_egress_rule",
      "name": "msk_all_egress",
      "provider": "provider[\"registry.terraform.io/hashicorp/aws\"]",
      "instances": [
        {
          "schema_version": 0,
          "attributes": {
            "arn": "arn:aws:ec2:ap-south-1:640168415309:security-group-rule/sgr-0376d323c3dd84a2f",
            "cidr_ipv4": "0.0.0.0/0",
            "cidr_ipv6": null,
            "description": "Broker outbound",
            "from_port": null,
            "id": "sgr-0376d323c3dd84a2f",
            "ip_protocol": "-1",
            "prefix_list_id": null,
            "referenced_security_group_id": null,
            "region": "ap-south-1",
            "security_group_id": "sg-0348d116ffc83ecac",
            "security_group_rule_id": "sgr-0376d323c3dd84a2f",
            "tags": null,
            "tags_all": {
              "Env": "prod",
              "Owner": "Hadi",
              "Project": "CryptoData"
            },
            "to_port": null
          },
          "sensitive_attributes": [],
          "identity_schema_version": 0,
          "identity": {
            "account_id": "640168415309",
            "id": "sgr-0376d323c3dd84a2f",
            "region": "ap-south-1"
          },
          "dependencies": [
            "aws_security_group.msk_brokers"
          ]
        }
      ]
    },
    {
      "mode": "managed",
      "type": "aws_vpc_security_group_ingress_rule",
      "name": "msk_iam_9098_from_collector",
      "provider": "provider[\"registry.terraform.io/hashicorp/aws\"]",
      "instances": [
        {
          "schema_version": 0,
          "attributes": {
            "arn": "arn:aws:ec2:ap-south-1:640168415309:security-group-rule/sgr-02988926b1863b9a5",
            "cidr_ipv4": null,
            "cidr_ipv6": null,
            "description": "Collector-to-broker SASL/IAM TLS within VPC",
            "from_port": 9098,
            "id": "sgr-02988926b1863b9a5",
            "ip_protocol": "tcp",
            "prefix_list_id": null,
            "referenced_security_group_id": "sg-0ccfd4f2d5d504e34",
            "region": "ap-south-1",
            "security_group_id": "sg-0348d116ffc83ecac",
            "security_group_rule_id": "sgr-02988926b1863b9a5",
            "tags": null,
            "tags_all": {
              "Env": "prod",
              "Owner": "Hadi",
              "Project": "CryptoData"
            },
            "to_port": 9098
          },
          "sensitive_attributes": [],
          "identity_schema_version": 0,
          "identity": {
            "account_id": "640168415309",
            "id": "sgr-02988926b1863b9a5",
            "region": "ap-south-1"
          },
          "dependencies": [
            "aws_security_group.collector",
            "aws_security_group.msk_brokers"
          ]
        }
      ]
    },
    {
      "mode": "managed",
      "type": "aws_vpc_security_group_ingress_rule",
      "name": "msk_iam_9098_from_consumers",
      "provider": "provider[\"registry.terraform.io/hashicorp/aws\"]",
      "instances": [
        {
          "schema_version": 0,
          "attributes": {
            "arn": "arn:aws:ec2:ap-south-1:640168415309:security-group-rule/sgr-0c94568aa4508a701",
            "cidr_ipv4": null,
            "cidr_ipv6": null,
            "description": "Consumer-to-broker SASL/IAM TLS within VPC",
            "from_port": 9098,
            "id": "sgr-0c94568aa4508a701",
            "ip_protocol": "tcp",
            "prefix_list_id": null,
            "referenced_security_group_id": "sg-071492e0ab4503b86",
            "region": "ap-south-1",
            "security_group_id": "sg-0348d116ffc83ecac",
            "security_group_rule_id": "sgr-0c94568aa4508a701",
            "tags": null,
            "tags_all": {
              "Env": "prod",
              "Owner": "Hadi",
              "Project": "CryptoData"
            },
            "to_port": 9098
          },
          "sensitive_attributes": [],
          "identity_schema_version": 0,
          "identity": {
            "account_id": "640168415309",
            "id": "sgr-0c94568aa4508a701",
            "region": "ap-south-1"
          },
          "dependencies": [
            "aws_security_group.consumers",
            "aws_security_group.msk_brokers"
          ]
        }
      ]
    },
    {
      "mode": "managed",
      "type": "local_file",
      "name": "infrastructure_summary",
      "provider": "provider[\"registry.terraform.io/hashicorp/local\"]",
      "instances": [
        {
          "schema_version": 0,
          "attributes": {
            "content": "{\"cloudwatch\":{\"log_group_arn\":\"arn:aws:logs:ap-south-1:640168415309:log-group:/aws/msk/crypto-stream/broker\",\"log_group_name\":\"/aws/msk/crypto-stream/broker\",\"retention_days\":14},\"iam\":{\"attachments\":{\"collector_control\":{\"policy_arn\":\"arn:aws:iam::640168415309:policy/crypto-stream-msk-control\",\"role_name\":\"crypto-stream-collector\"},\"collector_producer\":{\"policy_arn\":\"arn:aws:iam::640168415309:policy/crypto-stream-producer\",\"role_name\":\"crypto-stream-collector\"}},\"instance_profiles\":{\"collector\":{\"arn\":\"arn:aws:iam::640168415309:instance-profile/crypto-stream-collector\",\"name\":\"crypto-stream-collector\"}},\"policies\":{\"consumer\":{\"arn\":\"arn:aws:iam::640168415309:policy/crypto-stream-consumer\",\"name\":\"crypto-stream-consumer\"},\"msk_control_plane\":{\"arn\":\"arn:aws:iam::640168415309:policy/crypto-stream-msk-control\",\"name\":\"crypto-stream-msk-control\"},\"producer\":{\"arn\":\"arn:aws:iam::640168415309:policy/crypto-stream-producer\",\"name\":\"crypto-stream-producer\"}},\"roles\":{\"collector\":{\"arn\":\"arn:aws:iam::640168415309:role/crypto-stream-collector\",\"name\":\"crypto-stream-collector\"}}},\"msk_cluster\":{\"arn\":\"arn:aws:kafka:ap-south-1:640168415309:cluster/crypto-stream/1bb73a2c-6802-4794-afa4-2dbe267442b8-s3\",\"bootstrap_brokers_sasl_iam\":\"boot-a8blbvz0.c3.kafka-serverless.ap-south-1.amazonaws.com:9098\",\"cluster_uuid\":\"1bb73a2c-6802-4794-afa4-2dbe267442b8-s3\",\"security_group_ids\":[\"sg-0348d116ffc83ecac\"],\"subnet_ids\":[\"subnet-03b137bc850c7f432\",\"subnet-04dcb46c1f97a2e4e\",\"subnet-0dec674b59949ad59\"],\"tags\":{\"AccessScope\":\"Hadi\",\"Env\":\"prod\",\"Owner\":\"Hadi\",\"Project\":\"CryptoData\"}},\"security_groups\":{\"collectors\":{\"arn\":\"arn:aws:ec2:ap-south-1:640168415309:security-group/sg-0ccfd4f2d5d504e34\",\"id\":\"sg-0ccfd4f2d5d504e34\",\"tags\":{\"AccessScope\":\"Hadi\",\"Env\":\"prod\",\"Owner\":\"Hadi\",\"Project\":\"CryptoData\"}},\"consumers\":{\"arn\":\"arn:aws:ec2:ap-south-1:640168415309:security-group/sg-071492e0ab4503b86\",\"id\":\"sg-071492e0ab4503b86\",\"tags\":{\"AccessScope\":\"Hadi\",\"Env\":\"prod\",\"Owner\":\"Hadi\",\"Project\":\"CryptoData\"}},\"egress_rule\":{\"arn\":\"arn:aws:ec2:ap-south-1:640168415309:security-group-rule/sgr-0376d323c3dd84a2f\",\"cidr_ipv4\":\"0.0.0.0/0\",\"id\":\"sgr-0376d323c3dd84a2f\",\"ip_protocol\":\"-1\",\"security_group_rule_id\":\"sgr-0376d323c3dd84a2f\"},\"ingress_rules\":[{\"arn\":\"arn:aws:ec2:ap-south-1:640168415309:security-group-rule/sgr-02988926b1863b9a5\",\"description\":\"Collector-to-broker SASL/IAM TLS within VPC\",\"from_port\":9098,\"id\":\"sgr-02988926b1863b9a5\",\"key\":\"collectors\",\"protocol\":\"tcp\",\"referenced_security_group_id\":\"sg-0ccfd4f2d5d504e34\",\"to_port\":9098},{\"arn\":\"arn:aws:ec2:ap-south-1:640168415309:security-group-rule/sgr-0c94568aa4508a701\",\"description\":\"Consumer-to-broker SASL/IAM TLS within VPC\",\"from_port\":9098,\"id\":\"sgr-0c94568aa4508a701\",\"key\":\"consumers\",\"protocol\":\"tcp\",\"referenced_security_group_id\":\"sg-071492e0ab4503b86\",\"to_port\":9098}],\"msk_brokers\":{\"arn\":\"arn:aws:ec2:ap-south-1:640168415309:security-group/sg-0348d116ffc83ecac\",\"id\":\"sg-0348d116ffc83ecac\",\"tags\":{\"AccessScope\":\"Hadi\",\"Env\":\"prod\",\"Owner\":\"Hadi\",\"Project\":\"CryptoData\"}}}}",
            "content_base64": null,
            "content_base64sha256": "kGqONObLG7sGZeSUH2+ke8YIV1T++wA2U+yXe/bQrtI=",
            "content_base64sha512": "hYnsUtoqBS/1Z4HLYtHFjYGyLymwsL9H6mcA18O5/UqWVbzELBUQ2CugsnRVcmJdH6huOo4ojjii5cb7Z5L37A==",
            "content_md5": "6852a214bc8572675c693960bfb71881",
            "content_sha1": "16e38270ccdcf53a287ac567702bd0a487343447",
            "content_sha256": "906a8e34e6cb1bbb0665e4941f6fa47bc6085754fefb003653ec977bf6d0aed2",
            "content_sha512": "8589ec52da2a052ff56781cb62d1c58d81b22f29b0b0bf47ea6700d7c3b9fd4a9655bcc42c1510d82ba0b2745572625d1fa86e3a8e288e38a2e5c6fb6792f7ec",
            "directory_permission": "0777",
            "file_permission": "0777",
            "filename": "./resources.json",
            "id": "16e38270ccdcf53a287ac567702bd0a487343447",
            "sensitive_content": null,
            "source": null
          },
          "sensitive_attributes": [
            [
              {
                "type": "get_attr",
                "value": "sensitive_content"
              }
            ]
          ],
          "identity_schema_version": 0,
          "dependencies": [
            "aws_cloudwatch_log_group.msk_broker",
            "aws_iam_instance_profile.collector_profile",
            "aws_iam_policy.consumer",
            "aws_iam_policy.msk_control_plane",
            "aws_iam_policy.producer",
            "aws_iam_role.collector_role",
            "aws_iam_role_policy_attachment.collector_control_attach",
            "aws_iam_role_policy_attachment.collector_producer_attach",
            "aws_msk_serverless_cluster.this",
            "aws_security_group.collector",
            "aws_security_group.consumers",
            "aws_security_group.msk_brokers",
            "aws_vpc_security_group_egress_rule.msk_all_egress",
            "aws_vpc_security_group_ingress_rule.msk_iam_9098_from_collector",
            "aws_vpc_security_group_ingress_rule.msk_iam_9098_from_consumers",
            "data.aws_caller_identity.this",
            "data.aws_iam_policy_document.collector_assume",
            "data.aws_iam_policy_document.consumer",
            "data.aws_iam_policy_document.msk_control_plane",
            "data.aws_iam_policy_document.producer"
          ]
        }
      ]
    }
  ],
  "check_results": null
}
